
Microsoft Visual Studio Solution File, Format Version 12.00
# Visual Studio 2013
VisualStudioVersion = 12.0.31101.0
MinimumVisualStudioVersion = 10.0.40219.1
Project("{FAE04EC0-301F-11D3-BF4B-00C04F79EFBC}") = "Harvester.Domain", "Harvester.Domain\Harvester.Domain.csproj", "{8F20067A-3A91-4ED9-9964-8391DC28D2DB}"
EndProject
Project("{FAE04EC0-301F-11D3-BF4B-00C04F79EFBC}") = "Harvester.Domain.Test", "Harvester.Domain.Test\Harvester.Domain.Test.csproj", "{1B8E6CF0-9087-4C81-BD29-DE558F1DA6EC}"
EndProject
Project("{FAE04EC0-301F-11D3-BF4B-00C04F79EFBC}") = "Harvester.Domain.UnitTest", "Harvester.Domain.UnitTest\Harvester.Domain.UnitTest.csproj", "{48681A28-09CA-4399-9902-C2D36C3C4C7C}"
EndProject
Global
	GlobalSection(SolutionConfigurationPlatforms) = preSolution
		Debug|Any CPU = Debug|Any CPU
		Release|Any CPU = Release|Any CPU
	EndGlobalSection
	GlobalSection(ProjectConfigurationPlatforms) = postSolution
		{8F20067A-3A91-4ED9-9964-8391DC28D2DB}.Debug|Any CPU.ActiveCfg = Debug|Any CPU
		{8F20067A-3A91-4ED9-9964-8391DC28D2DB}.Debug|Any CPU.Build.0 = Debug|Any CPU
		{8F20067A-3A91-4ED9-9964-8391DC28D2DB}.Release|Any CPU.ActiveCfg = Release|Any CPU
		{8F20067A-3A91-4ED9-9964-8391DC28D2DB}.Release|Any CPU.Build.0 = Release|Any CPU
		{1B8E6CF0-9087-4C81-BD29-DE558F1DA6EC}.Debug|Any CPU.ActiveCfg = Debug|Any CPU
		{1B8E6CF0-9087-4C81-BD29-DE558F1DA6EC}.Debug|Any CPU.Build.0 = Debug|Any CPU
		{1B8E6CF0-9087-4C81-BD29-DE558F1DA6EC}.Release|Any CPU.ActiveCfg = Release|Any CPU
		{1B8E6CF0-9087-4C81-BD29-DE558F1DA6EC}.Release|Any CPU.Build.0 = Release|Any CPU
		{48681A28-09CA-4399-9902-C2D36C3C4C7C}.Debug|Any CPU.ActiveCfg = Debug|Any CPU
		{48681A28-09CA-4399-9902-C2D36C3C4C7C}.Debug|Any CPU.Build.0 = Debug|Any CPU
		{48681A28-09CA-4399-9902-C2D36C3C4C7C}.Release|Any CPU.ActiveCfg = Release|Any CPU
		{48681A28-09CA-4399-9902-C2D36C3C4C7C}.Release|Any CPU.Build.0 = Release|Any CPU
	EndGlobalSection
	GlobalSection(SolutionProperties) = preSolution
		HideSolutionNode = FALSE
	EndGlobalSection
EndGlobal
